
Microsoft Visual Studio Solution File, Format Version 12.00
# Visual Studio Version 17
VisualStudioVersion = 17.14.36915.13 d17.14
MinimumVisualStudioVersion = 10.0.40219.1
Project("{FAE04EC0-301F-11D3-BF4B-00C04F79EFBC}") = "Echoes", "Echoes.csproj", "{05E4A198-904F-4508-A6E9-366507B23269}"
EndProject
Global
	GlobalSection(SolutionConfigurationPlatforms) = preSolution
		Debug|Any CPU = Debug|Any CPU
		Release|Any CPU = Release|Any CPU
	EndGlobalSection
	GlobalSection(ProjectConfigurationPlatforms) = postSolution
		{05E4A198-904F-4508-A6E9-366507B23269}.Debug|Any CPU.ActiveCfg = Debug|Any CPU
		{05E4A198-904F-4508-A6E9-366507B23269}.Debug|Any CPU.Build.0 = Debug|Any CPU
		{05E4A198-904F-4508-A6E9-366507B23269}.Release|Any CPU.ActiveCfg = Release|Any CPU
		{05E4A198-904F-4508-A6E9-366507B23269}.Release|Any CPU.Build.0 = Release|Any CPU
	EndGlobalSection
	GlobalSection(SolutionProperties) = preSolution
		HideSolutionNode = FALSE
	EndGlobalSection
	GlobalSection(ExtensibilityGlobals) = postSolution
		SolutionGuid = {58E84136-3439-40C4-ACCD-B6E9B754F664}
	EndGlobalSection
EndGlobal
